# THIS IS AN AUTOGENERATED FILE. DO NOT EDIT THIS FILE DIRECTLY.
# yarn lockfile v1


jest-next-dynamic@^1.0.1:
  version "1.0.1"
  resolved "https://registry.yarnpkg.com/jest-next-dynamic/-/jest-next-dynamic-1.0.1.tgz#b8af62babeda3cff0cf0a6e0af6de3a9dfc8d6cd"
  integrity sha512-peo9yRvUn8u6PZro9AzzjxpgUc+1NZhZMan+1xzk7Bz1vA0d5IC2Iw8E7bkC2cwl9AG3XxTaqPVAXbC3aMbVkw==
